
Microsoft Visual Studio Solution File, Format Version 12.00
# Visual Studio Version 17
VisualStudioVersion = 17.11.35327.3
MinimumVisualStudioVersion = 10.0.40219.1
Project("{FAE04EC0-301F-11D3-BF4B-00C04F79EFBC}") = "lab3.1", "lab3.1\lab3.1.csproj", "{508261CC-DCD5-46F3-B7AE-335CAE990F22}"
EndProject
Global
	GlobalSection(SolutionConfigurationPlatforms) = preSolution
		Debug|Any CPU = Debug|Any CPU
		Release|Any CPU = Release|Any CPU
	EndGlobalSection
	GlobalSection(ProjectConfigurationPlatforms) = postSolution
		{508261CC-DCD5-46F3-B7AE-335CAE990F22}.Debug|Any CPU.ActiveCfg = Debug|Any CPU
		{508261CC-DCD5-46F3-B7AE-335CAE990F22}.Debug|Any CPU.Build.0 = Debug|Any CPU
		{508261CC-DCD5-46F3-B7AE-335CAE990F22}.Release|Any CPU.ActiveCfg = Release|Any CPU
		{508261CC-DCD5-46F3-B7AE-335CAE990F22}.Release|Any CPU.Build.0 = Release|Any CPU
	EndGlobalSection
	GlobalSection(SolutionProperties) = preSolution
		HideSolutionNode = FALSE
	EndGlobalSection
	GlobalSection(ExtensibilityGlobals) = postSolution
		SolutionGuid = {76F158B9-CD20-40D4-B81F-9895CFD03B5D}
	EndGlobalSection
EndGlobal
